{
  "name": "explorer-engine",
  "version": "0.0.0",
  "lockfileVersion": 3,
  "requires": true,
  "packages": {
    "": {
      "name": "explorer-engine",
      "version": "0.0.0",
      "license": "UNLICENSED",
      "workspaces": [
        "packages/core",
        "packages/renderer-three",
        "packages/ui-webcomponents",
        "packages/input-dom",
        "packages/plugin-sdk",
        "packages/schema",
        "packages/plugins/*",
        "apps/*",
        "tools/*"
      ],
      "engines": {
        "node": ">=20",
        "npm": ">=10"
      }
    },
    "node_modules/@explorer-engine/core": {
      "resolved": "packages/core",
      "link": true
    },
    "node_modules/@explorer-engine/input-dom": {
      "resolved": "packages/input-dom",
      "link": true
    },
    "node_modules/@explorer-engine/plugin-sdk": {
      "resolved": "packages/plugin-sdk",
      "link": true
    },
    "node_modules/@explorer-engine/renderer-three": {
      "resolved": "packages/renderer-three",
      "link": true
    },
    "node_modules/@explorer-engine/schema": {
      "resolved": "packages/schema",
      "link": true
    },
    "node_modules/@explorer-engine/ui-webcomponents": {
      "resolved": "packages/ui-webcomponents",
      "link": true
    },
    "packages/core": {
      "name": "@explorer-engine/core",
      "version": "0.0.0",
      "license": "UNLICENSED"
    },
    "packages/input-dom": {
      "name": "@explorer-engine/input-dom",
      "version": "0.0.0",
      "license": "UNLICENSED"
    },
    "packages/plugin-sdk": {
      "name": "@explorer-engine/plugin-sdk",
      "version": "0.0.0",
      "license": "UNLICENSED"
    },
    "packages/renderer-three": {
      "name": "@explorer-engine/renderer-three",
      "version": "0.0.0",
      "license": "UNLICENSED"
    },
    "packages/schema": {
      "name": "@explorer-engine/schema",
      "version": "0.0.0",
      "license": "UNLICENSED"
    },
    "packages/ui-webcomponents": {
      "name": "@explorer-engine/ui-webcomponents",
      "version": "0.0.0",
      "license": "UNLICENSED"
    }
  }
}
